{
    "_readme": [
        "This file locks the dependencies of your project to a known state",
        "Read more about it at https://getcomposer.org/doc/01-basic-usage.md#installing-dependencies",
        "This file is @generated automatically"
    ],
    "content-hash": "64ad6451808ec81281484f0e767de473",
    "packages": [
        {
            "name": "fpdf/fpdf",
            "version": "1.86.1",
            "source": {
                "type": "git",
                "url": "https://github.com/coreydoughty/Fpdf.git",
                "reference": "2034ab9f7b03b8294933d7fd27828d13963368e5"
            },
            "dist": {
                "type": "zip",
                "url": "https://api.github.com/repos/coreydoughty/Fpdf/zipball/2034ab9f7b03b8294933d7fd27828d13963368e5",
                "reference": "2034ab9f7b03b8294933d7fd27828d13963368e5",
                "shasum": ""
            },
            "require": {
                "php": ">=5.6.0"
            },
            "type": "library",
            "extra": {
                "laravel": {
                    "aliases": {
                        "FPDF": "Fpdf\\Fpdf"
                    }
                }
            },
            "autoload": {
                "psr-4": {
                    "Fpdf\\": "src/Fpdf"
                }
            },
            "notification-url": "https://packagist.org/downloads/",
            "license": [
                "MIT"
            ],
            "authors": [
                {
                    "name": "Corey Doughty",
                    "email": "corey@doughty.ca"
                }
            ],
            "description": "FPDF Composer Wrapper",
            "homepage": "https://github.com/coreydoughty/Fpdf",
            "keywords": [
                "fpdf",
                "pdf",
                "wrapper"
            ],
            "support": {
                "issues": "https://github.com/coreydoughty/Fpdf/issues",
                "source": "https://github.com/coreydoughty/Fpdf/tree/1.86.1"
            },
            "time": "2025-12-08T14:03:59+00:00"
        },
        {
            "name": "obray/ipp",
            "version": "dev-master",
            "source": {
                "type": "git",
                "url": "https://github.com/nateobray/IPP.git",
                "reference": "3c5241f2fc4200169ad94391e003c6c9b3f3a16d"
            },
            "dist": {
                "type": "zip",
                "url": "https://api.github.com/repos/nateobray/IPP/zipball/3c5241f2fc4200169ad94391e003c6c9b3f3a16d",
                "reference": "3c5241f2fc4200169ad94391e003c6c9b3f3a16d",
                "shasum": ""
            },
            "require": {
                "php": ">=7.1"
            },
            "require-dev": {
                "phpunit/phpunit": "^8.1"
            },
            "default-branch": true,
            "type": "library",
            "autoload": {
                "psr-4": {
                    "obray\\ipp\\": "src"
                }
            },
            "notification-url": "https://packagist.org/downloads/",
            "license": [
                "MIT"
            ],
            "description": "A PHP implemntation of the Internet Printing Protocol (IPP)",
            "support": {
                "issues": "https://github.com/nateobray/IPP/issues",
                "source": "https://github.com/nateobray/IPP/tree/master"
            },
            "time": "2024-01-15T19:23:20+00:00"
        }
    ],
    "packages-dev": [],
    "aliases": [],
    "minimum-stability": "stable",
    "stability-flags": {
        "obray/ipp": 20
    },
    "prefer-stable": false,
    "prefer-lowest": false,
    "platform": {},
    "platform-dev": {},
    "plugin-api-version": "2.9.0"
}
